
Microsoft Visual Studio Solution File, Format Version 12.00
# Visual Studio Version 17
VisualStudioVersion = 17.1.32228.430
MinimumVisualStudioVersion = 10.0.40219.1
Project("{FAE04EC0-301F-11D3-BF4B-00C04F79EFBC}") = "Hastane Projesi", "Hastane Projesi\Hastane Projesi.csproj", "{2853706E-D87D-435D-9831-A67F9CDEACA1}"
EndProject
Global
	GlobalSection(SolutionConfigurationPlatforms) = preSolution
		Debug|Any CPU = Debug|Any CPU
		Release|Any CPU = Release|Any CPU
	EndGlobalSection
	GlobalSection(ProjectConfigurationPlatforms) = postSolution
		{2853706E-D87D-435D-9831-A67F9CDEACA1}.Debug|Any CPU.ActiveCfg = Debug|Any CPU
		{2853706E-D87D-435D-9831-A67F9CDEACA1}.Debug|Any CPU.Build.0 = Debug|Any CPU
		{2853706E-D87D-435D-9831-A67F9CDEACA1}.Release|Any CPU.ActiveCfg = Release|Any CPU
		{2853706E-D87D-435D-9831-A67F9CDEACA1}.Release|Any CPU.Build.0 = Release|Any CPU
	EndGlobalSection
	GlobalSection(SolutionProperties) = preSolution
		HideSolutionNode = FALSE
	EndGlobalSection
	GlobalSection(ExtensibilityGlobals) = postSolution
		SolutionGuid = {1FABAB59-BC27-401C-8E52-62798CD23447}
	EndGlobalSection
EndGlobal
